// !$*UTF8*$!
{
	archiveVersion = 1;
	classes = {
	};
	objectVersion = 55;
	objects = {

/* Begin PBXBuildFile section */
		DE07EFF727CF69570087CCDC /* ContactCardApp.swift in Sources */ = {isa = PBXBuildFile; fileRef = DE07EFF627CF69570087CCDC /* ContactCardApp.swift */; };
		DE07EFF927CF69570087CCDC /* ContentView.swift in Sources */ = {isa = PBXBuildFile; fileRef = DE07EFF827CF69570087CCDC /* ContentView.swift */; };
		DE07EFFB27CF69590087CCDC /* Assets.xcassets in Resources */ = {isa = PBXBuildFile; fileRef = DE07EFFA27CF69590087CCDC /* Assets.xcassets */; };
		DE07EFFE27CF69590087CCDC /* Preview Assets.xcassets in Resources */ = {isa = PBXBuildFile; fileRef = DE07EFFD27CF69590087CCDC /* Preview Assets.xcassets */; };
		DE07F00827CF695A0087CCDC /* ContactCardTests.swift in Sources */ = {isa = PBXBuildFile; fileRef = DE07F00727CF695A0087CCDC /* ContactCardTests.swift */; };
		DE07F01227CF695A0087CCDC /* ContactCardUITests.swift in Sources */ = {isa = PBXBuildFile; fileRef = DE07F01127CF695A0087CCDC /* ContactCardUITests.swift */; };
		DE07F01427CF695A0087CCDC /* ContactCardUITestsLaunchTests.swift in Sources */ = {isa = PBXBuildFile; fileRef = DE07F01327CF695A0087CCDC /* ContactCardUITestsLaunchTests.swift */; };
/* End PBXBuildFile section */

/* Begin PBXContainerItemProxy section */
		DE07F00427CF695A0087CCDC /* PBXContainerItemProxy */ = {
			isa = PBXContainerItemProxy;
			containerPortal = DE07EFEB27CF69570087CCDC /* Project object */;
			proxyType = 1;
			remoteGlobalIDString = DE07EFF227CF69570087CCDC;
			remoteInfo = ContactCard;
		};
		DE07F00E27CF695A0087CCDC /* PBXContainerItemProxy */ = {
			isa = PBXContainerItemProxy;
			containerPortal = DE07EFEB27CF69570087CCDC /* Project object */;
			proxyType = 1;
			remoteGlobalIDString = DE07EFF227CF69570087CCDC;
			remoteInfo = ContactCard;
		};
/* End PBXContainerItemProxy section */

/* Begin PBXFileReference section */
		DE07EFF327CF69570087CCDC /* ContactCard.app */ = {isa = PBXFileReference; explicitFileType = wrapper.application; includeInIndex = 0; path = ContactCard.app; sourceTree = BUILT_PRODUCTS_DIR; };
		DE07EFF627CF69570087CCDC /* ContactCardApp.swift */ = {isa = PBXFileReference; lastKnownFileType = sourcecode.swift; path = ContactCardApp.swift; sourceTree = "<group>"; };
		DE07EFF827CF69570087CCDC /* ContentView.swift */ = {isa = PBXFileReference; lastKnownFileType = sourcecode.swift; path = ContentView.swift; sourceTree = "<group>"; };
		DE07EFFA27CF69590087CCDC /* Assets.xcassets */ = {isa = PBXFileReference; lastKnownFileType = folder.assetcatalog; path = Assets.xcassets; sourceTree = "<group>"; };
		DE07EFFD27CF69590087CCDC /* Preview Assets.xcassets */ = {isa = PBXFileReference; lastKnownFileType = folder.assetcatalog; path = "Preview Assets.xcassets"; sourceTree = "<group>"; };
		DE07F00327CF695A0087CCDC /* ContactCardTests.xctest */ = {isa = PBXFileReference; explicitFileType = wrapper.cfbundle; includeInIndex = 0; path = ContactCardTests.xctest; sourceTree = BUILT_PRODUCTS_DIR; };
		DE07F00727CF695A0087CCDC /* ContactCardTests.swift */ = {isa = PBXFileReference; lastKnownFileType = sourcecode.swift; path = ContactCardTests.swift; sourceTree = "<group>"; };
		DE07F00D27CF695A0087CCDC /* ContactCardUITests.xctest */ = {isa = PBXFileReference; explicitFileType = wrapper.cfbundle; includeInIndex = 0; path = ContactCardUITests.xctest; sourceTree = BUILT_PRODUCTS_DIR; };
		DE07F01127CF695A0087CCDC /* ContactCardUITests.swift */ = {isa = PBXFileReference; lastKnownFileType = sourcecode.swift; path = ContactCardUITests.swift; sourceTree = "<group>"; };
		DE07F01327CF695A0087CCDC /* ContactCardUITestsLaunchTests.swift */ = {isa = PBXFileReference; lastKnownFileType = sourcecode.swift; path = ContactCardUITestsLaunchTests.swift; sourceTree = "<group>"; };
/* End PBXFileReference section */

/* Begin PBXFrameworksBuildPhase section */
		DE07EFF027CF69570087CCDC /* Frameworks */ = {
			isa = PBXFrameworksBuildPhase;
			buildActionMask = 2147483647;
			files = (
			);
			runOnlyForDeploymentPostprocessing = 0;
		};
		DE07F00027CF695A0087CCDC /* Frameworks */ = {
			isa = PBXFrameworksBuildPhase;
			buildActionMask = 2147483647;
			files = (
			);
			runOnlyForDeploymentPostprocessing = 0;
		};
		DE07F00A27CF695A0087CCDC /* Frameworks */ = {
			isa = PBXFrameworksBuildPhase;
			buildActionMask = 2147483647;
			files = (
			);
			runOnlyForDeploymentPostprocessing = 0;
		};
/* End PBXFrameworksBuildPhase section */

/* Begin PBXGroup section */
		DE07EFEA27CF69570087CCDC = {
			isa = PBXGroup;
			children = (
				DE07EFF527CF69570087CCDC /* ContactCard */,
				DE07F00627CF695A0087CCDC /* ContactCardTests */,
				DE07F01027CF695A0087CCDC /* ContactCardUITests */,
				DE07EFF427CF69570087CCDC /* Products */,
			);
			sourceTree = "<group>";
		};
		DE07EFF427CF69570087CCDC /* Products */ = {
			isa = PBXGroup;
			children = (
				DE07EFF327CF69570087CCDC /* ContactCard.app */,
				DE07F00327CF695A0087CCDC /* ContactCardTests.xctest */,
				DE07F00D27CF695A0087CCDC /* ContactCardUITests.xctest */,
			);
			name = Products;
			sourceTree = "<group>";
		};
		DE07EFF527CF69570087CCDC /* ContactCard */ = {
			isa = PBXGroup;
			children = (
				DE07EFF627CF69570087CCDC /* ContactCardApp.swift */,
				DE07EFF827CF69570087CCDC /* ContentView.swift */,
				DE07EFFA27CF69590087CCDC /* Assets.xcassets */,
				DE07EFFC27CF69590087CCDC /* Preview Content */,
			);
			path = ContactCard;
			sourceTree = "<group>";
		};
		DE07EFFC27CF69590087CCDC /* Preview Content */ = {
			isa = PBXGroup;
			children = (
				DE07EFFD27CF69590087CCDC /* Preview Assets.xcassets */,
			);
			path = "Preview Content";
			sourceTree = "<group>";
		};
		DE07F00627CF695A0087CCDC /* ContactCardTests */ = {
			isa = PBXGroup;
			children = (
				DE07F00727CF695A0087CCDC /* ContactCardTests.swift */,
			);
			path = ContactCardTests;
			sourceTree = "<group>";
		};
		DE07F01027CF695A0087CCDC /* ContactCardUITests */ = {
			isa = PBXGroup;
			children = (
				DE07F01127CF695A0087CCDC /* ContactCardUITests.swift */,
				DE07F01327CF695A0087CCDC /* ContactCardUITestsLaunchTests.swift */,
			);
			path = ContactCardUITests;
			sourceTree = "<group>";
		};
/* End PBXGroup section */

/* Begin PBXNativeTarget section */
		DE07EFF227CF69570087CCDC /* ContactCard */ = {
			isa = PBXNativeTarget;
			buildConfigurationList = DE07F01727CF695A0087CCDC /* Build configuration list for PBXNativeTarget "ContactCard" */;
			buildPhases = (
				DE07EFEF27CF69570087CCDC /* Sources */,
				DE07EFF027CF69570087CCDC /* Frameworks */,
				DE07EFF127CF69570087CCDC /* Resources */,
			);
			buildRules = (
			);
			dependencies = (
			);
			name = ContactCard;
			productName = ContactCard;
			productReference = DE07EFF327CF69570087CCDC /* ContactCard.app */;
			productType = "com.apple.product-type.application";
		};
		DE07F00227CF695A0087CCDC /* ContactCardTests */ = {
			isa = PBXNativeTarget;
			buildConfigurationList = DE07F01A27CF695A0087CCDC /* Build configuration list for PBXNativeTarget "ContactCardTests" */;
			buildPhases = (
				DE07EFFF27CF695A0087CCDC /* Sources */,
				DE07F00027CF695A0087CCDC /* Frameworks */,
				DE07F00127CF695A0087CCDC /* Resources */,
			);
			buildRules = (
			);
			dependencies = (
				DE07F00527CF695A0087CCDC /* PBXTargetDependency */,
			);
			name = ContactCardTests;
			productName = ContactCardTests;
			productReference = DE07F00327CF695A0087CCDC /* ContactCardTests.xctest */;
			productType = "com.apple.product-type.bundle.unit-test";
		};
		DE07F00C27CF695A0087CCDC /* ContactCardUITests */ = {
			isa = PBXNativeTarget;
			buildConfigurationList = DE07F01D27CF695A0087CCDC /* Build configuration list for PBXNativeTarget "ContactCardUITests" */;
			buildPhases = (
				DE07F00927CF695A0087CCDC /* Sources */,
				DE07F00A27CF695A0087CCDC /* Frameworks */,
				DE07F00B27CF695A0087CCDC /* Resources */,
			);
			buildRules = (
			);
			dependencies = (
				DE07F00F27CF695A0087CCDC /* PBXTargetDependency */,
			);
			name = ContactCardUITests;
			productName = ContactCardUITests;
			productReference = DE07F00D27CF695A0087CCDC /* ContactCardUITests.xctest */;
			productType = "com.apple.product-type.bundle.ui-testing";
		};
/* End PBXNativeTarget section */

/* Begin PBXProject section */
		DE07EFEB27CF69570087CCDC /* Project object */ = {
			isa = PBXProject;
			attributes = {
				BuildIndependentTargetsInParallel = 1;
				LastSwiftUpdateCheck = 1320;
				LastUpgradeCheck = 1320;
				TargetAttributes = {
					DE07EFF227CF69570087CCDC = {
						CreatedOnToolsVersion = 13.2.1;
					};
					DE07F00227CF695A0087CCDC = {
						CreatedOnToolsVersion = 13.2.1;
						TestTargetID = DE07EFF227CF69570087CCDC;
					};
					DE07F00C27CF695A0087CCDC = {
						CreatedOnToolsVersion = 13.2.1;
						TestTargetID = DE07EFF227CF69570087CCDC;
					};
				};
			};
			buildConfigurationList = DE07EFEE27CF69570087CCDC /* Build configuration list for PBXProject "ContactCard" */;
			compatibilityVersion = "Xcode 13.0";
			developmentRegion = en;
			hasScannedForEncodings = 0;
			knownRegions = (
				en,
				Base,
			);
			mainGroup = DE07EFEA27CF69570087CCDC;
			productRefGroup = DE07EFF427CF69570087CCDC /* Products */;
			projectDirPath = "";
			projectRoot = "";
			targets = (
				DE07EFF227CF69570087CCDC /* ContactCard */,
				DE07F00227CF695A0087CCDC /* ContactCardTests */,
				DE07F00C27CF695A0087CCDC /* ContactCardUITests */,
			);
		};
/* End PBXProject section */

/* Begin PBXResourcesBuildPhase section */
		DE07EFF127CF69570087CCDC /* Resources */ = {
			isa = PBXResourcesBuildPhase;
			buildActionMask = 2147483647;
			files = (
				DE07EFFE27CF69590087CCDC /* Preview Assets.xcassets in Resources */,
				DE07EFFB27CF69590087CCDC /* Assets.xcassets in Resources */,
			);
			runOnlyForDeploymentPostprocessing = 0;
		};
		DE07F00127CF695A0087CCDC /* Resources */ = {
			isa = PBXResourcesBuildPhase;
			buildActionMask = 2147483647;
			files = (
			);
			runOnlyForDeploymentPostprocessing = 0;
		};
		DE07F00B27CF695A0087CCDC /* Resources */ = {
			isa = PBXResourcesBuildPhase;
			buildActionMask = 2147483647;
			files = (
			);
			runOnlyForDeploymentPostprocessing = 0;
		};
/* End PBXResourcesBuildPhase section */

/* Begin PBXSourcesBuildPhase section */
		DE07EFEF27CF69570087CCDC /* Sources */ = {
			isa = PBXSourcesBuildPhase;
			buildActionMask = 2147483647;
			files = (
				DE07EFF927CF69570087CCDC /* ContentView.swift in Sources */,
				DE07EFF727CF69570087CCDC /* ContactCardApp.swift in Sources */,
			);
			runOnlyForDeploymentPostprocessing = 0;
		};
		DE07EFFF27CF695A0087CCDC /* Sources */ = {
			isa = PBXSourcesBuildPhase;
			buildActionMask = 2147483647;
			files = (
				DE07F00827CF695A0087CCDC /* ContactCardTests.swift in Sources */,
			);
			runOnlyForDeploymentPostprocessing = 0;
		};
		DE07F00927CF695A0087CCDC /* Sources */ = {
			isa = PBXSourcesBuildPhase;
			buildActionMask = 2147483647;
			files = (
				DE07F01227CF695A0087CCDC /* ContactCardUITests.swift in Sources */,
				DE07F01427CF695A0087CCDC /* ContactCardUITestsLaunchTests.swift in Sources */,
			);
			runOnlyForDeploymentPostprocessing = 0;
		};
/* End PBXSourcesBuildPhase section */

/* Begin PBXTargetDependency section */
		DE07F00527CF695A0087CCDC /* PBXTargetDependency */ = {
			isa = PBXTargetDependency;
			target = DE07EFF227CF69570087CCDC /* ContactCard */;
			targetProxy = DE07F00427CF695A0087CCDC /* PBXContainerItemProxy */;
		};
		DE07F00F27CF695A0087CCDC /* PBXTargetDependency */ = {
			isa = PBXTargetDependency;
			target = DE07EFF227CF69570087CCDC /* ContactCard */;
			targetProxy = DE07F00E27CF695A0087CCDC /* PBXContainerItemProxy */;
		};
/* End PBXTargetDependency section */

/* Begin XCBuildConfiguration section */
		DE07F01527CF695A0087CCDC /* Debug */ = {
			isa = XCBuildConfiguration;
			buildSettings = {
				ALWAYS_SEARCH_USER_PATHS = NO;
				CLANG_ANALYZER_NONNULL = YES;
				CLANG_ANALYZER_NUMBER_OBJECT_CONVERSION = YES_AGGRESSIVE;
				CLANG_CXX_LANGUAGE_STANDARD = "gnu++17";
				CLANG_CXX_LIBRARY = "libc++";
				CLANG_ENABLE_MODULES = YES;
				CLANG_ENABLE_OBJC_ARC = YES;
				CLANG_ENABLE_OBJC_WEAK = YES;
				CLANG_WARN_BLOCK_CAPTURE_AUTORELEASING = YES;
				CLANG_WARN_BOOL_CONVERSION = YES;
				CLANG_WARN_COMMA = YES;
				CLANG_WARN_CONSTANT_CONVERSION = YES;
				CLANG_WARN_DEPRECATED_OBJC_IMPLEMENTATIONS = YES;
				CLANG_WARN_DIRECT_OBJC_ISA_USAGE = YES_ERROR;
				CLANG_WARN_DOCUMENTATION_COMMENTS = YES;
				CLANG_WARN_EMPTY_BODY = YES;
				CLANG_WARN_ENUM_CONVERSION = YES;
				CLANG_WARN_INFINITE_RECURSION = YES;
				CLANG_WARN_INT_CONVERSION = YES;
				CLANG_WARN_NON_LITERAL_NULL_CONVERSION = YES;
				CLANG_WARN_OBJC_IMPLICIT_RETAIN_SELF = YES;
				CLANG_WARN_OBJC_LITERAL_CONVERSION = YES;
				CLANG_WARN_OBJC_ROOT_CLASS = YES_ERROR;
				CLANG_WARN_QUOTED_INCLUDE_IN_FRAMEWORK_HEADER = YES;
				CLANG_WARN_RANGE_LOOP_ANALYSIS = YES;
				CLANG_WARN_STRICT_PROTOTYPES = YES;
				CLANG_WARN_SUSPICIOUS_MOVE = YES;
				CLANG_WARN_UNGUARDED_AVAILABILITY = YES_AGGRESSIVE;
				CLANG_WARN_UNREACHABLE_CODE = YES;
				CLANG_WARN__DUPLICATE_METHOD_MATCH = YES;
				COPY_PHASE_STRIP = NO;
				DEBUG_INFORMATION_FORMAT = dwarf;
				ENABLE_STRICT_OBJC_MSGSEND = YES;
				ENABLE_TESTABILITY = YES;
				GCC_C_LANGUAGE_STANDARD = gnu11;
				GCC_DYNAMIC_NO_PIC = NO;
				GCC_NO_COMMON_BLOCKS = YES;
				GCC_OPTIMIZATION_LEVEL = 0;
				GCC_PREPROCESSOR_DEFINITIONS = (
					"DEBUG=1",
					"$(inherited)",
				);
				GCC_WARN_64_TO_32_BIT_CONVERSION = YES;
				GCC_WARN_ABOUT_RETURN_TYPE = YES_ERROR;
				GCC_WARN_UNDECLARED_SELECTOR = YES;
				GCC_WARN_UNINITIALIZED_AUTOS = YES_AGGRESSIVE;
				GCC_WARN_UNUSED_FUNCTION = YES;
				GCC_WARN_UNUSED_VARIABLE = YES;
				IPHONEOS_DEPLOYMENT_TARGET = 15.2;
				MTL_ENABLE_DEBUG_INFO = INCLUDE_SOURCE;
				MTL_FAST_MATH = YES;
				ONLY_ACTIVE_ARCH = YES;
				SDKROOT = iphoneos;
				SWIFT_ACTIVE_COMPILATION_CONDITIONS = DEBUG;
				SWIFT_OPTIMIZATION_LEVEL = "-Onone";
			};
			name = Debug;
		};
		DE07F01627CF695A0087CCDC /* Release */ = {
			isa = XCBuildConfiguration;
			buildSettings = {
				ALWAYS_SEARCH_USER_PATHS = NO;
				CLANG_ANALYZER_NONNULL = YES;
				CLANG_ANALYZER_NUMBER_OBJECT_CONVERSION = YES_AGGRESSIVE;
				CLANG_CXX_LANGUAGE_STANDARD = "gnu++17";
				CLANG_CXX_LIBRARY = "libc++";
				CLANG_ENABLE_MODULES = YES;
				CLANG_ENABLE_OBJC_ARC = YES;
				CLANG_ENABLE_OBJC_WEAK = YES;
				CLANG_WARN_BLOCK_CAPTURE_AUTORELEASING = YES;
				CLANG_WARN_BOOL_CONVERSION = YES;
				CLANG_WARN_COMMA = YES;
				CLANG_WARN_CONSTANT_CONVERSION = YES;
				CLANG_WARN_DEPRECATED_OBJC_IMPLEMENTATIONS = YES;
				CLANG_WARN_DIRECT_OBJC_ISA_USAGE = YES_ERROR;
				CLANG_WARN_DOCUMENTATION_COMMENTS = YES;
				CLANG_WARN_EMPTY_BODY = YES;
				CLANG_WARN_ENUM_CONVERSION = YES;
				CLANG_WARN_INFINITE_RECURSION = YES;
				CLANG_WARN_INT_CONVERSION = YES;
				CLANG_WARN_NON_LITERAL_NULL_CONVERSION = YES;
				CLANG_WARN_OBJC_IMPLICIT_RETAIN_SELF = YES;
				CLANG_WARN_OBJC_LITERAL_CONVERSION = YES;
				CLANG_WARN_OBJC_ROOT_CLASS = YES_ERROR;
				CLANG_WARN_QUOTED_INCLUDE_IN_FRAMEWORK_HEADER = YES;
				CLANG_WARN_RANGE_LOOP_ANALYSIS = YES;
				CLANG_WARN_STRICT_PROTOTYPES = YES;
				CLANG_WARN_SUSPICIOUS_MOVE = YES;
				CLANG_WARN_UNGUARDED_AVAILABILITY = YES_AGGRESSIVE;
				CLANG_WARN_UNREACHABLE_CODE = YES;
				CLANG_WARN__DUPLICATE_METHOD_MATCH = YES;
				COPY_PHASE_STRIP = NO;
				DEBUG_INFORMATION_FORMAT = "dwarf-with-dsym";
				ENABLE_NS_ASSERTIONS = NO;
				ENABLE_STRICT_OBJC_MSGSEND = YES;
				GCC_C_LANGUAGE_STANDARD = gnu11;
				GCC_NO_COMMON_BLOCKS = YES;
				GCC_WARN_64_TO_32_BIT_CONVERSION = YES;
				GCC_WARN_ABOUT_RETURN_TYPE = YES_ERROR;
				GCC_WARN_UNDECLARED_SELECTOR = YES;
				GCC_WARN_UNINITIALIZED_AUTOS = YES_AGGRESSIVE;
				GCC_WARN_UNUSED_FUNCTION = YES;
				GCC_WARN_UNUSED_VARIABLE = YES;
				IPHONEOS_DEPLOYMENT_TARGET = 15.2;
				MTL_ENABLE_DEBUG_INFO = NO;
				MTL_FAST_MATH = YES;
				SDKROOT = iphoneos;
				SWIFT_COMPILATION_MODE = wholemodule;
				SWIFT_OPTIMIZATION_LEVEL = "-O";
				VALIDATE_PRODUCT = YES;
			};
			name = Release;
		};
		DE07F01827CF695A0087CCDC /* Debug */ = {
			isa = XCBuildConfiguration;
			buildSettings = {
				ASSETCATALOG_COMPILER_APPICON_NAME = AppIcon;
				ASSETCATALOG_COMPILER_GLOBAL_ACCENT_COLOR_NAME = AccentColor;
				CODE_SIGN_STYLE = Automatic;
				CURRENT_PROJECT_VERSION = 1;
				DEVELOPMENT_ASSET_PATHS = "\"ContactCard/Preview Content\"";
				ENABLE_PREVIEWS = YES;
				GENERATE_INFOPLIST_FILE = YES;
				INFOPLIST_KEY_UIApplicationSceneManifest_Generation = YES;
				INFOPLIST_KEY_UIApplicationSupportsIndirectInputEvents = YES;
				INFOPLIST_KEY_UILaunchScreen_Generation = YES;
				INFOPLIST_KEY_UISupportedInterfaceOrientations_iPad = "UIInterfaceOrientationPortrait UIInterfaceOrientationPortraitUpsideDown UIInterfaceOrientationLandscapeLeft UIInterfaceOrientationLandscapeRight";
				INFOPLIST_KEY_UISupportedInterfaceOrientations_iPhone = "UIInterfaceOrientationPortrait UIInterfaceOrientationLandscapeLeft UIInterfaceOrientationLandscapeRight";
				LD_RUNPATH_SEARCH_PATHS = (
					"$(inherited)",
					"@executable_path/Frameworks",
				);
				MARKETING_VERSION = 1.0;
				PRODUCT_BUNDLE_IDENTIFIER = net.kyngo.ContactCard;
				PRODUCT_NAME = "$(TARGET_NAME)";
				SWIFT_EMIT_LOC_STRINGS = YES;
				SWIFT_VERSION = 5.0;
				TARGETED_DEVICE_FAMILY = "1,2";
			};
			name = Debug;
		};
		DE07F01927CF695A0087CCDC /* Release */ = {
			isa = XCBuildConfiguration;
			buildSettings = {
				ASSETCATALOG_COMPILER_APPICON_NAME = AppIcon;
				ASSETCATALOG_COMPILER_GLOBAL_ACCENT_COLOR_NAME = AccentColor;
				CODE_SIGN_STYLE = Automatic;
				CURRENT_PROJECT_VERSION = 1;
				DEVELOPMENT_ASSET_PATHS = "\"ContactCard/Preview Content\"";
				ENABLE_PREVIEWS = YES;
				GENERATE_INFOPLIST_FILE = YES;
				INFOPLIST_KEY_UIApplicationSceneManifest_Generation = YES;
				INFOPLIST_KEY_UIApplicationSupportsIndirectInputEvents = YES;
				INFOPLIST_KEY_UILaunchScreen_Generation = YES;
				INFOPLIST_KEY_UISupportedInterfaceOrientations_iPad = "UIInterfaceOrientationPortrait UIInterfaceOrientationPortraitUpsideDown UIInterfaceOrientationLandscapeLeft UIInterfaceOrientationLandscapeRight";
				INFOPLIST_KEY_UISupportedInterfaceOrientations_iPhone = "UIInterfaceOrientationPortrait UIInterfaceOrientationLandscapeLeft UIInterfaceOrientationLandscapeRight";
				LD_RUNPATH_SEARCH_PATHS = (
					"$(inherited)",
					"@executable_path/Frameworks",
				);
				MARKETING_VERSION = 1.0;
				PRODUCT_BUNDLE_IDENTIFIER = net.kyngo.ContactCard;
				PRODUCT_NAME = "$(TARGET_NAME)";
				SWIFT_EMIT_LOC_STRINGS = YES;
				SWIFT_VERSION = 5.0;
				TARGETED_DEVICE_FAMILY = "1,2";
			};
			name = Release;
		};
		DE07F01B27CF695A0087CCDC /* Debug */ = {
			isa = XCBuildConfiguration;
			buildSettings = {
				ALWAYS_EMBED_SWIFT_STANDARD_LIBRARIES = YES;
				BUNDLE_LOADER = "$(TEST_HOST)";
				CODE_SIGN_STYLE = Automatic;
				CURRENT_PROJECT_VERSION = 1;
				GENERATE_INFOPLIST_FILE = YES;
				IPHONEOS_DEPLOYMENT_TARGET = 15.2;
				MARKETING_VERSION = 1.0;
				PRODUCT_BUNDLE_IDENTIFIER = net.kyngo.ContactCardTests;
				PRODUCT_NAME = "$(TARGET_NAME)";
				SWIFT_EMIT_LOC_STRINGS = NO;
				SWIFT_VERSION = 5.0;
				TARGETED_DEVICE_FAMILY = "1,2";
				TEST_HOST = "$(BUILT_PRODUCTS_DIR)/ContactCard.app/ContactCard";
			};
			name = Debug;
		};
		DE07F01C27CF695A0087CCDC /* Release */ = {
			isa = XCBuildConfiguration;
			buildSettings = {
				ALWAYS_EMBED_SWIFT_STANDARD_LIBRARIES = YES;
				BUNDLE_LOADER = "$(TEST_HOST)";
				CODE_SIGN_STYLE = Automatic;
				CURRENT_PROJECT_VERSION = 1;
				GENERATE_INFOPLIST_FILE = YES;
				IPHONEOS_DEPLOYMENT_TARGET = 15.2;
				MARKETING_VERSION = 1.0;
				PRODUCT_BUNDLE_IDENTIFIER = net.kyngo.ContactCardTests;
				PRODUCT_NAME = "$(TARGET_NAME)";
				SWIFT_EMIT_LOC_STRINGS = NO;
				SWIFT_VERSION = 5.0;
				TARGETED_DEVICE_FAMILY = "1,2";
				TEST_HOST = "$(BUILT_PRODUCTS_DIR)/ContactCard.app/ContactCard";
			};
			name = Release;
		};
		DE07F01E27CF695A0087CCDC /* Debug */ = {
			isa = XCBuildConfiguration;
			buildSettings = {
				ALWAYS_EMBED_SWIFT_STANDARD_LIBRARIES = YES;
				CODE_SIGN_STYLE = Automatic;
				CURRENT_PROJECT_VERSION = 1;
				GENERATE_INFOPLIST_FILE = YES;
				MARKETING_VERSION = 1.0;
				PRODUCT_BUNDLE_IDENTIFIER = net.kyngo.ContactCardUITests;
				PRODUCT_NAME = "$(TARGET_NAME)";
				SWIFT_EMIT_LOC_STRINGS = NO;
				SWIFT_VERSION = 5.0;
				TARGETED_DEVICE_FAMILY = "1,2";
				TEST_TARGET_NAME = ContactCard;
			};
			name = Debug;
		};
		DE07F01F27CF695A0087CCDC /* Release */ = {
			isa = XCBuildConfiguration;
			buildSettings = {
				ALWAYS_EMBED_SWIFT_STANDARD_LIBRARIES = YES;
				CODE_SIGN_STYLE = Automatic;
				CURRENT_PROJECT_VERSION = 1;
				GENERATE_INFOPLIST_FILE = YES;
				MARKETING_VERSION = 1.0;
				PRODUCT_BUNDLE_IDENTIFIER = net.kyngo.ContactCardUITests;
				PRODUCT_NAME = "$(TARGET_NAME)";
				SWIFT_EMIT_LOC_STRINGS = NO;
				SWIFT_VERSION = 5.0;
				TARGETED_DEVICE_FAMILY = "1,2";
				TEST_TARGET_NAME = ContactCard;
			};
			name = Release;
		};
/* End XCBuildConfiguration section */

/* Begin XCConfigurationList section */
		DE07EFEE27CF69570087CCDC /* Build configuration list for PBXProject "ContactCard" */ = {
			isa = XCConfigurationList;
			buildConfigurations = (
				DE07F01527CF695A0087CCDC /* Debug */,
				DE07F01627CF695A0087CCDC /* Release */,
			);
			defaultConfigurationIsVisible = 0;
			defaultConfigurationName = Release;
		};
		DE07F01727CF695A0087CCDC /* Build configuration list for PBXNativeTarget "ContactCard" */ = {
			isa = XCConfigurationList;
			buildConfigurations = (
				DE07F01827CF695A0087CCDC /* Debug */,
				DE07F01927CF695A0087CCDC /* Release */,
			);
			defaultConfigurationIsVisible = 0;
			defaultConfigurationName = Release;
		};
		DE07F01A27CF695A0087CCDC /* Build configuration list for PBXNativeTarget "ContactCardTests" */ = {
			isa = XCConfigurationList;
			buildConfigurations = (
				DE07F01B27CF695A0087CCDC /* Debug */,
				DE07F01C27CF695A0087CCDC /* Release */,
			);
			defaultConfigurationIsVisible = 0;
			defaultConfigurationName = Release;
		};
		DE07F01D27CF695A0087CCDC /* Build configuration list for PBXNativeTarget "ContactCardUITests" */ = {
			isa = XCConfigurationList;
			buildConfigurations = (
				DE07F01E27CF695A0087CCDC /* Debug */,
				DE07F01F27CF695A0087CCDC /* Release */,
			);
			defaultConfigurationIsVisible = 0;
			defaultConfigurationName = Release;
		};
/* End XCConfigurationList section */
	};
	rootObject = DE07EFEB27CF69570087CCDC /* Project object */;
}
