// !$*UTF8*$!
{
	archiveVersion = 1;
	classes = {
	};
	objectVersion = 55;
	objects = {

/* Begin PBXBuildFile section */
		DE07EFF727CF69570087CCDC /* ContactCardApp.swift in Sources */ = {isa = PBXBuildFile; fileRef = DE07EFF627CF69570087CCDC /* ContactCardApp.swift */; };
		DE07EFF927CF69570087CCDC /* ContentView.swift in Sources */ = {isa = PBXBuildFile; fileRef = DE07EFF827CF69570087CCDC /* ContentView.swift */; };
		DE07EFFB27CF69590087CCDC /* Assets.xcassets in Resources */ = {isa = PBXBuildFile; fileRef = DE07EFFA27CF69590087CCDC /* Assets.xcassets */; };
		DE07EFFE27CF69590087CCDC /* Preview Assets.xcassets in Resources */ = {isa = PBXBuildFile; fileRef = DE07EFFD27CF69590087CCDC /* Preview Assets.xcassets */; };
		DE07F02127CF7C2B0087CCDC /* KyngoCoreData.swift in Sources */ = {isa = PBXBuildFile; fileRef = DE07F02027CF7C2B0087CCDC /* KyngoCoreData.swift */; };
		DE07F02427CF80A70087CCDC /* AppDataLoader.swift in Sources */ = {isa = PBXBuildFile; fileRef = DE07F02327CF80A70087CCDC /* AppDataLoader.swift */; };
		DE07F02527CFBA470087CCDC /* data.json in Resources */ = {isa = PBXBuildFile; fileRef = DE07F02227CF7D050087CCDC /* data.json */; };
		DE3F607127D0A5510002EAB4 /* CoreNFC.framework in Frameworks */ = {isa = PBXBuildFile; fileRef = DE3F606F27D0A54D0002EAB4 /* CoreNFC.framework */; };
		DE59199327D762310083E762 /* contact.json in Resources */ = {isa = PBXBuildFile; fileRef = DE59199227D762310083E762 /* contact.json */; };
		DE59199627D765730083E762 /* vCardDataLoader.swift in Sources */ = {isa = PBXBuildFile; fileRef = DE59199527D765730083E762 /* vCardDataLoader.swift */; };
		DE59199927D765C20083E762 /* ContactData.swift in Sources */ = {isa = PBXBuildFile; fileRef = DE59199827D765C20083E762 /* ContactData.swift */; };
		DE62ACD427D74D4A0028BF60 /* QRGenerator.swift in Sources */ = {isa = PBXBuildFile; fileRef = DE62ACD327D74D4A0028BF60 /* QRGenerator.swift */; };
		DE62ACD627D74EF40028BF60 /* QRView.swift in Sources */ = {isa = PBXBuildFile; fileRef = DE62ACD527D74EF40028BF60 /* QRView.swift */; };
/* End PBXBuildFile section */

/* Begin PBXFileReference section */
		DE07EFF327CF69570087CCDC /* Kyngo.app */ = {isa = PBXFileReference; explicitFileType = wrapper.application; includeInIndex = 0; path = Kyngo.app; sourceTree = BUILT_PRODUCTS_DIR; };
		DE07EFF627CF69570087CCDC /* ContactCardApp.swift */ = {isa = PBXFileReference; lastKnownFileType = sourcecode.swift; path = ContactCardApp.swift; sourceTree = "<group>"; };
		DE07EFF827CF69570087CCDC /* ContentView.swift */ = {isa = PBXFileReference; lastKnownFileType = sourcecode.swift; path = ContentView.swift; sourceTree = "<group>"; };
		DE07EFFA27CF69590087CCDC /* Assets.xcassets */ = {isa = PBXFileReference; lastKnownFileType = folder.assetcatalog; path = Assets.xcassets; sourceTree = "<group>"; };
		DE07EFFD27CF69590087CCDC /* Preview Assets.xcassets */ = {isa = PBXFileReference; lastKnownFileType = folder.assetcatalog; path = "Preview Assets.xcassets"; sourceTree = "<group>"; };
		DE07F02027CF7C2B0087CCDC /* KyngoCoreData.swift */ = {isa = PBXFileReference; lastKnownFileType = sourcecode.swift; path = KyngoCoreData.swift; sourceTree = "<group>"; };
		DE07F02227CF7D050087CCDC /* data.json */ = {isa = PBXFileReference; lastKnownFileType = text.json; path = data.json; sourceTree = "<group>"; };
		DE07F02327CF80A70087CCDC /* AppDataLoader.swift */ = {isa = PBXFileReference; lastKnownFileType = sourcecode.swift; path = AppDataLoader.swift; sourceTree = "<group>"; };
		DE3F606A27D0A46F0002EAB4 /* ContactCard.entitlements */ = {isa = PBXFileReference; lastKnownFileType = text.plist.entitlements; path = ContactCard.entitlements; sourceTree = "<group>"; };
		DE3F606C27D0A46F0002EAB4 /* ExternalAccessory.framework */ = {isa = PBXFileReference; lastKnownFileType = wrapper.framework; name = ExternalAccessory.framework; path = System/Library/Frameworks/ExternalAccessory.framework; sourceTree = SDKROOT; };
		DE3F606E27D0A49B0002EAB4 /* Info.plist */ = {isa = PBXFileReference; lastKnownFileType = text.plist; path = Info.plist; sourceTree = "<group>"; };
		DE3F606F27D0A54D0002EAB4 /* CoreNFC.framework */ = {isa = PBXFileReference; lastKnownFileType = wrapper.framework; name = CoreNFC.framework; path = System/Library/Frameworks/CoreNFC.framework; sourceTree = SDKROOT; };
		DE59199227D762310083E762 /* contact.json */ = {isa = PBXFileReference; lastKnownFileType = text.json; path = contact.json; sourceTree = "<group>"; };
		DE59199527D765730083E762 /* vCardDataLoader.swift */ = {isa = PBXFileReference; lastKnownFileType = sourcecode.swift; path = vCardDataLoader.swift; sourceTree = "<group>"; };
		DE59199827D765C20083E762 /* ContactData.swift */ = {isa = PBXFileReference; lastKnownFileType = sourcecode.swift; path = ContactData.swift; sourceTree = "<group>"; };
		DE62ACD327D74D4A0028BF60 /* QRGenerator.swift */ = {isa = PBXFileReference; lastKnownFileType = sourcecode.swift; path = QRGenerator.swift; sourceTree = "<group>"; };
		DE62ACD527D74EF40028BF60 /* QRView.swift */ = {isa = PBXFileReference; lastKnownFileType = sourcecode.swift; path = QRView.swift; sourceTree = "<group>"; };
/* End PBXFileReference section */

/* Begin PBXFrameworksBuildPhase section */
		DE07EFF027CF69570087CCDC /* Frameworks */ = {
			isa = PBXFrameworksBuildPhase;
			buildActionMask = 2147483647;
			files = (
				DE3F607127D0A5510002EAB4 /* CoreNFC.framework in Frameworks */,
			);
			runOnlyForDeploymentPostprocessing = 0;
		};
/* End PBXFrameworksBuildPhase section */

/* Begin PBXGroup section */
		DE07EFEA27CF69570087CCDC = {
			isa = PBXGroup;
			children = (
				DE07EFF527CF69570087CCDC /* ContactCard */,
				DE07EFF427CF69570087CCDC /* Products */,
				DE3F606B27D0A46F0002EAB4 /* Frameworks */,
			);
			sourceTree = "<group>";
		};
		DE07EFF427CF69570087CCDC /* Products */ = {
			isa = PBXGroup;
			children = (
				DE07EFF327CF69570087CCDC /* Kyngo.app */,
			);
			name = Products;
			sourceTree = "<group>";
		};
		DE07EFF527CF69570087CCDC /* ContactCard */ = {
			isa = PBXGroup;
			children = (
				DE59199C27D76D7F0083E762 /* Views */,
				DE59199B27D76D6F0083E762 /* Services */,
				DE59199A27D766960083E762 /* Data */,
				DE59199727D7659D0083E762 /* Models */,
				DE59199427D7655A0083E762 /* DataLoaders */,
				DE3F606E27D0A49B0002EAB4 /* Info.plist */,
				DE3F606A27D0A46F0002EAB4 /* ContactCard.entitlements */,
				DE07EFF627CF69570087CCDC /* ContactCardApp.swift */,
				DE07EFFA27CF69590087CCDC /* Assets.xcassets */,
				DE07EFFC27CF69590087CCDC /* Preview Content */,
			);
			path = ContactCard;
			sourceTree = "<group>";
		};
		DE07EFFC27CF69590087CCDC /* Preview Content */ = {
			isa = PBXGroup;
			children = (
				DE07EFFD27CF69590087CCDC /* Preview Assets.xcassets */,
			);
			path = "Preview Content";
			sourceTree = "<group>";
		};
		DE3F606B27D0A46F0002EAB4 /* Frameworks */ = {
			isa = PBXGroup;
			children = (
				DE3F606F27D0A54D0002EAB4 /* CoreNFC.framework */,
				DE3F606C27D0A46F0002EAB4 /* ExternalAccessory.framework */,
			);
			name = Frameworks;
			sourceTree = "<group>";
		};
		DE59199427D7655A0083E762 /* DataLoaders */ = {
			isa = PBXGroup;
			children = (
				DE07F02327CF80A70087CCDC /* AppDataLoader.swift */,
				DE59199527D765730083E762 /* vCardDataLoader.swift */,
			);
			path = DataLoaders;
			sourceTree = "<group>";
		};
		DE59199727D7659D0083E762 /* Models */ = {
			isa = PBXGroup;
			children = (
				DE07F02027CF7C2B0087CCDC /* KyngoCoreData.swift */,
				DE59199827D765C20083E762 /* ContactData.swift */,
			);
			path = Models;
			sourceTree = "<group>";
		};
		DE59199A27D766960083E762 /* Data */ = {
			isa = PBXGroup;
			children = (
				DE07F02227CF7D050087CCDC /* data.json */,
				DE59199227D762310083E762 /* contact.json */,
			);
			path = Data;
			sourceTree = "<group>";
		};
		DE59199B27D76D6F0083E762 /* Services */ = {
			isa = PBXGroup;
			children = (
				DE62ACD327D74D4A0028BF60 /* QRGenerator.swift */,
			);
			path = Services;
			sourceTree = "<group>";
		};
		DE59199C27D76D7F0083E762 /* Views */ = {
			isa = PBXGroup;
			children = (
				DE07EFF827CF69570087CCDC /* ContentView.swift */,
				DE62ACD527D74EF40028BF60 /* QRView.swift */,
			);
			path = Views;
			sourceTree = "<group>";
		};
/* End PBXGroup section */

/* Begin PBXNativeTarget section */
		DE07EFF227CF69570087CCDC /* ContactCard */ = {
			isa = PBXNativeTarget;
			buildConfigurationList = DE07F01727CF695A0087CCDC /* Build configuration list for PBXNativeTarget "ContactCard" */;
			buildPhases = (
				DE07EFEF27CF69570087CCDC /* Sources */,
				DE07EFF027CF69570087CCDC /* Frameworks */,
				DE07EFF127CF69570087CCDC /* Resources */,
			);
			buildRules = (
			);
			dependencies = (
			);
			name = ContactCard;
			packageProductDependencies = (
			);
			productName = ContactCard;
			productReference = DE07EFF327CF69570087CCDC /* Kyngo.app */;
			productType = "com.apple.product-type.application";
		};
/* End PBXNativeTarget section */

/* Begin PBXProject section */
		DE07EFEB27CF69570087CCDC /* Project object */ = {
			isa = PBXProject;
			attributes = {
				BuildIndependentTargetsInParallel = 1;
				LastSwiftUpdateCheck = 1320;
				LastUpgradeCheck = 1320;
				TargetAttributes = {
					DE07EFF227CF69570087CCDC = {
						CreatedOnToolsVersion = 13.2.1;
					};
				};
			};
			buildConfigurationList = DE07EFEE27CF69570087CCDC /* Build configuration list for PBXProject "ContactCard" */;
			compatibilityVersion = "Xcode 13.0";
			developmentRegion = en;
			hasScannedForEncodings = 0;
			knownRegions = (
				en,
				Base,
			);
			mainGroup = DE07EFEA27CF69570087CCDC;
			packageReferences = (
			);
			productRefGroup = DE07EFF427CF69570087CCDC /* Products */;
			projectDirPath = "";
			projectRoot = "";
			targets = (
				DE07EFF227CF69570087CCDC /* ContactCard */,
			);
		};
/* End PBXProject section */

/* Begin PBXResourcesBuildPhase section */
		DE07EFF127CF69570087CCDC /* Resources */ = {
			isa = PBXResourcesBuildPhase;
			buildActionMask = 2147483647;
			files = (
				DE59199327D762310083E762 /* contact.json in Resources */,
				DE07F02527CFBA470087CCDC /* data.json in Resources */,
				DE07EFFE27CF69590087CCDC /* Preview Assets.xcassets in Resources */,
				DE07EFFB27CF69590087CCDC /* Assets.xcassets in Resources */,
			);
			runOnlyForDeploymentPostprocessing = 0;
		};
/* End PBXResourcesBuildPhase section */

/* Begin PBXSourcesBuildPhase section */
		DE07EFEF27CF69570087CCDC /* Sources */ = {
			isa = PBXSourcesBuildPhase;
			buildActionMask = 2147483647;
			files = (
				DE07F02427CF80A70087CCDC /* AppDataLoader.swift in Sources */,
				DE62ACD627D74EF40028BF60 /* QRView.swift in Sources */,
				DE59199927D765C20083E762 /* ContactData.swift in Sources */,
				DE07F02127CF7C2B0087CCDC /* KyngoCoreData.swift in Sources */,
				DE59199627D765730083E762 /* vCardDataLoader.swift in Sources */,
				DE62ACD427D74D4A0028BF60 /* QRGenerator.swift in Sources */,
				DE07EFF927CF69570087CCDC /* ContentView.swift in Sources */,
				DE07EFF727CF69570087CCDC /* ContactCardApp.swift in Sources */,
			);
			runOnlyForDeploymentPostprocessing = 0;
		};
/* End PBXSourcesBuildPhase section */

/* Begin XCBuildConfiguration section */
		DE07F01527CF695A0087CCDC /* Debug */ = {
			isa = XCBuildConfiguration;
			buildSettings = {
				ALWAYS_SEARCH_USER_PATHS = NO;
				CLANG_ANALYZER_NONNULL = YES;
				CLANG_ANALYZER_NUMBER_OBJECT_CONVERSION = YES_AGGRESSIVE;
				CLANG_CXX_LANGUAGE_STANDARD = "gnu++17";
				CLANG_CXX_LIBRARY = "libc++";
				CLANG_ENABLE_MODULES = YES;
				CLANG_ENABLE_OBJC_ARC = YES;
				CLANG_ENABLE_OBJC_WEAK = YES;
				CLANG_WARN_BLOCK_CAPTURE_AUTORELEASING = YES;
				CLANG_WARN_BOOL_CONVERSION = YES;
				CLANG_WARN_COMMA = YES;
				CLANG_WARN_CONSTANT_CONVERSION = YES;
				CLANG_WARN_DEPRECATED_OBJC_IMPLEMENTATIONS = YES;
				CLANG_WARN_DIRECT_OBJC_ISA_USAGE = YES_ERROR;
				CLANG_WARN_DOCUMENTATION_COMMENTS = YES;
				CLANG_WARN_EMPTY_BODY = YES;
				CLANG_WARN_ENUM_CONVERSION = YES;
				CLANG_WARN_INFINITE_RECURSION = YES;
				CLANG_WARN_INT_CONVERSION = YES;
				CLANG_WARN_NON_LITERAL_NULL_CONVERSION = YES;
				CLANG_WARN_OBJC_IMPLICIT_RETAIN_SELF = YES;
				CLANG_WARN_OBJC_LITERAL_CONVERSION = YES;
				CLANG_WARN_OBJC_ROOT_CLASS = YES_ERROR;
				CLANG_WARN_QUOTED_INCLUDE_IN_FRAMEWORK_HEADER = YES;
				CLANG_WARN_RANGE_LOOP_ANALYSIS = YES;
				CLANG_WARN_STRICT_PROTOTYPES = YES;
				CLANG_WARN_SUSPICIOUS_MOVE = YES;
				CLANG_WARN_UNGUARDED_AVAILABILITY = YES_AGGRESSIVE;
				CLANG_WARN_UNREACHABLE_CODE = YES;
				CLANG_WARN__DUPLICATE_METHOD_MATCH = YES;
				COPY_PHASE_STRIP = NO;
				DEBUG_INFORMATION_FORMAT = dwarf;
				ENABLE_STRICT_OBJC_MSGSEND = YES;
				ENABLE_TESTABILITY = YES;
				GCC_C_LANGUAGE_STANDARD = gnu11;
				GCC_DYNAMIC_NO_PIC = NO;
				GCC_NO_COMMON_BLOCKS = YES;
				GCC_OPTIMIZATION_LEVEL = 0;
				GCC_PREPROCESSOR_DEFINITIONS = (
					"DEBUG=1",
					"$(inherited)",
				);
				GCC_WARN_64_TO_32_BIT_CONVERSION = YES;
				GCC_WARN_ABOUT_RETURN_TYPE = YES_ERROR;
				GCC_WARN_UNDECLARED_SELECTOR = YES;
				GCC_WARN_UNINITIALIZED_AUTOS = YES_AGGRESSIVE;
				GCC_WARN_UNUSED_FUNCTION = YES;
				GCC_WARN_UNUSED_VARIABLE = YES;
				IPHONEOS_DEPLOYMENT_TARGET = 15.2;
				MTL_ENABLE_DEBUG_INFO = INCLUDE_SOURCE;
				MTL_FAST_MATH = YES;
				ONLY_ACTIVE_ARCH = YES;
				SDKROOT = iphoneos;
				SWIFT_ACTIVE_COMPILATION_CONDITIONS = DEBUG;
				SWIFT_OPTIMIZATION_LEVEL = "-Onone";
			};
			name = Debug;
		};
		DE07F01627CF695A0087CCDC /* Release */ = {
			isa = XCBuildConfiguration;
			buildSettings = {
				ALWAYS_SEARCH_USER_PATHS = NO;
				CLANG_ANALYZER_NONNULL = YES;
				CLANG_ANALYZER_NUMBER_OBJECT_CONVERSION = YES_AGGRESSIVE;
				CLANG_CXX_LANGUAGE_STANDARD = "gnu++17";
				CLANG_CXX_LIBRARY = "libc++";
				CLANG_ENABLE_MODULES = YES;
				CLANG_ENABLE_OBJC_ARC = YES;
				CLANG_ENABLE_OBJC_WEAK = YES;
				CLANG_WARN_BLOCK_CAPTURE_AUTORELEASING = YES;
				CLANG_WARN_BOOL_CONVERSION = YES;
				CLANG_WARN_COMMA = YES;
				CLANG_WARN_CONSTANT_CONVERSION = YES;
				CLANG_WARN_DEPRECATED_OBJC_IMPLEMENTATIONS = YES;
				CLANG_WARN_DIRECT_OBJC_ISA_USAGE = YES_ERROR;
				CLANG_WARN_DOCUMENTATION_COMMENTS = YES;
				CLANG_WARN_EMPTY_BODY = YES;
				CLANG_WARN_ENUM_CONVERSION = YES;
				CLANG_WARN_INFINITE_RECURSION = YES;
				CLANG_WARN_INT_CONVERSION = YES;
				CLANG_WARN_NON_LITERAL_NULL_CONVERSION = YES;
				CLANG_WARN_OBJC_IMPLICIT_RETAIN_SELF = YES;
				CLANG_WARN_OBJC_LITERAL_CONVERSION = YES;
				CLANG_WARN_OBJC_ROOT_CLASS = YES_ERROR;
				CLANG_WARN_QUOTED_INCLUDE_IN_FRAMEWORK_HEADER = YES;
				CLANG_WARN_RANGE_LOOP_ANALYSIS = YES;
				CLANG_WARN_STRICT_PROTOTYPES = YES;
				CLANG_WARN_SUSPICIOUS_MOVE = YES;
				CLANG_WARN_UNGUARDED_AVAILABILITY = YES_AGGRESSIVE;
				CLANG_WARN_UNREACHABLE_CODE = YES;
				CLANG_WARN__DUPLICATE_METHOD_MATCH = YES;
				COPY_PHASE_STRIP = NO;
				DEBUG_INFORMATION_FORMAT = "dwarf-with-dsym";
				ENABLE_NS_ASSERTIONS = NO;
				ENABLE_STRICT_OBJC_MSGSEND = YES;
				GCC_C_LANGUAGE_STANDARD = gnu11;
				GCC_NO_COMMON_BLOCKS = YES;
				GCC_WARN_64_TO_32_BIT_CONVERSION = YES;
				GCC_WARN_ABOUT_RETURN_TYPE = YES_ERROR;
				GCC_WARN_UNDECLARED_SELECTOR = YES;
				GCC_WARN_UNINITIALIZED_AUTOS = YES_AGGRESSIVE;
				GCC_WARN_UNUSED_FUNCTION = YES;
				GCC_WARN_UNUSED_VARIABLE = YES;
				IPHONEOS_DEPLOYMENT_TARGET = 15.2;
				MTL_ENABLE_DEBUG_INFO = NO;
				MTL_FAST_MATH = YES;
				SDKROOT = iphoneos;
				SWIFT_COMPILATION_MODE = wholemodule;
				SWIFT_OPTIMIZATION_LEVEL = "-O";
				VALIDATE_PRODUCT = YES;
			};
			name = Release;
		};
		DE07F01827CF695A0087CCDC /* Debug */ = {
			isa = XCBuildConfiguration;
			buildSettings = {
				ASSETCATALOG_COMPILER_APPICON_NAME = AppIcon;
				ASSETCATALOG_COMPILER_GLOBAL_ACCENT_COLOR_NAME = AccentColor;
				CODE_SIGN_ENTITLEMENTS = ContactCard/ContactCard.entitlements;
				CODE_SIGN_STYLE = Automatic;
				CURRENT_PROJECT_VERSION = 1;
				DEVELOPMENT_ASSET_PATHS = "\"ContactCard/Preview Content\"";
				DEVELOPMENT_TEAM = 2J63BMTW78;
				ENABLE_PREVIEWS = YES;
				GENERATE_INFOPLIST_FILE = YES;
				INFOPLIST_FILE = ContactCard/Info.plist;
				INFOPLIST_KEY_CFBundleDisplayName = Kyngo;
				INFOPLIST_KEY_UIApplicationSceneManifest_Generation = YES;
				INFOPLIST_KEY_UIApplicationSupportsIndirectInputEvents = YES;
				INFOPLIST_KEY_UILaunchScreen_Generation = YES;
				INFOPLIST_KEY_UISupportedInterfaceOrientations = UIInterfaceOrientationPortrait;
				INFOPLIST_KEY_UISupportedInterfaceOrientations_iPad = "UIInterfaceOrientationPortrait UIInterfaceOrientationPortraitUpsideDown UIInterfaceOrientationLandscapeLeft UIInterfaceOrientationLandscapeRight";
				INFOPLIST_KEY_UISupportedInterfaceOrientations_iPhone = UIInterfaceOrientationPortrait;
				IPHONEOS_DEPLOYMENT_TARGET = 15.0;
				LD_RUNPATH_SEARCH_PATHS = (
					"$(inherited)",
					"@executable_path/Frameworks",
				);
				MARKETING_VERSION = 1.0;
				PRODUCT_BUNDLE_IDENTIFIER = net.kyngo.ContactCard;
				PRODUCT_NAME = Kyngo;
				SWIFT_EMIT_LOC_STRINGS = YES;
				SWIFT_VERSION = 5.0;
				TARGETED_DEVICE_FAMILY = 1;
			};
			name = Debug;
		};
		DE07F01927CF695A0087CCDC /* Release */ = {
			isa = XCBuildConfiguration;
			buildSettings = {
				ASSETCATALOG_COMPILER_APPICON_NAME = AppIcon;
				ASSETCATALOG_COMPILER_GLOBAL_ACCENT_COLOR_NAME = AccentColor;
				CODE_SIGN_ENTITLEMENTS = ContactCard/ContactCard.entitlements;
				CODE_SIGN_STYLE = Automatic;
				CURRENT_PROJECT_VERSION = 1;
				DEVELOPMENT_ASSET_PATHS = "\"ContactCard/Preview Content\"";
				DEVELOPMENT_TEAM = 2J63BMTW78;
				ENABLE_PREVIEWS = YES;
				GENERATE_INFOPLIST_FILE = YES;
				INFOPLIST_FILE = ContactCard/Info.plist;
				INFOPLIST_KEY_CFBundleDisplayName = Kyngo;
				INFOPLIST_KEY_UIApplicationSceneManifest_Generation = YES;
				INFOPLIST_KEY_UIApplicationSupportsIndirectInputEvents = YES;
				INFOPLIST_KEY_UILaunchScreen_Generation = YES;
				INFOPLIST_KEY_UISupportedInterfaceOrientations = UIInterfaceOrientationPortrait;
				INFOPLIST_KEY_UISupportedInterfaceOrientations_iPad = "UIInterfaceOrientationPortrait UIInterfaceOrientationPortraitUpsideDown UIInterfaceOrientationLandscapeLeft UIInterfaceOrientationLandscapeRight";
				INFOPLIST_KEY_UISupportedInterfaceOrientations_iPhone = UIInterfaceOrientationPortrait;
				IPHONEOS_DEPLOYMENT_TARGET = 15.0;
				LD_RUNPATH_SEARCH_PATHS = (
					"$(inherited)",
					"@executable_path/Frameworks",
				);
				MARKETING_VERSION = 1.0;
				PRODUCT_BUNDLE_IDENTIFIER = net.kyngo.ContactCard;
				PRODUCT_NAME = Kyngo;
				SWIFT_EMIT_LOC_STRINGS = YES;
				SWIFT_VERSION = 5.0;
				TARGETED_DEVICE_FAMILY = 1;
			};
			name = Release;
		};
/* End XCBuildConfiguration section */

/* Begin XCConfigurationList section */
		DE07EFEE27CF69570087CCDC /* Build configuration list for PBXProject "ContactCard" */ = {
			isa = XCConfigurationList;
			buildConfigurations = (
				DE07F01527CF695A0087CCDC /* Debug */,
				DE07F01627CF695A0087CCDC /* Release */,
			);
			defaultConfigurationIsVisible = 0;
			defaultConfigurationName = Release;
		};
		DE07F01727CF695A0087CCDC /* Build configuration list for PBXNativeTarget "ContactCard" */ = {
			isa = XCConfigurationList;
			buildConfigurations = (
				DE07F01827CF695A0087CCDC /* Debug */,
				DE07F01927CF695A0087CCDC /* Release */,
			);
			defaultConfigurationIsVisible = 0;
			defaultConfigurationName = Release;
		};
/* End XCConfigurationList section */
	};
	rootObject = DE07EFEB27CF69570087CCDC /* Project object */;
}
